
Microsoft Visual Studio Solution File, Format Version 12.00
# Visual Studio 15
VisualStudioVersion = 15.0.28307.421
MinimumVisualStudioVersion = 10.0.40219.1
Project("{FAE04EC0-301F-11D3-BF4B-00C04F79EFBC}") = "Milestone2", "Milestone2\Milestone2.csproj", "{3CC1C2D9-574A-4B5E-B036-EBC2DAB8BB8F}"
EndProject
Project("{54435603-DBB4-11D2-8724-00A0C9A8B90C}") = "Setup1", "Setup1\Setup1.vdproj", "{5C5A7796-287D-46CF-B40C-861DE260C8AC}"
EndProject
Global
	GlobalSection(SolutionConfigurationPlatforms) = preSolution
		Debug|Any CPU = Debug|Any CPU
		Release|Any CPU = Release|Any CPU
	EndGlobalSection
	GlobalSection(ProjectConfigurationPlatforms) = postSolution
		{3CC1C2D9-574A-4B5E-B036-EBC2DAB8BB8F}.Debug|Any CPU.ActiveCfg = Debug|Any CPU
		{3CC1C2D9-574A-4B5E-B036-EBC2DAB8BB8F}.Debug|Any CPU.Build.0 = Debug|Any CPU
		{3CC1C2D9-574A-4B5E-B036-EBC2DAB8BB8F}.Release|Any CPU.ActiveCfg = Release|Any CPU
		{3CC1C2D9-574A-4B5E-B036-EBC2DAB8BB8F}.Release|Any CPU.Build.0 = Release|Any CPU
		{5C5A7796-287D-46CF-B40C-861DE260C8AC}.Debug|Any CPU.ActiveCfg = Debug
		{5C5A7796-287D-46CF-B40C-861DE260C8AC}.Release|Any CPU.ActiveCfg = Release
	EndGlobalSection
	GlobalSection(SolutionProperties) = preSolution
		HideSolutionNode = FALSE
	EndGlobalSection
	GlobalSection(ExtensibilityGlobals) = postSolution
		SolutionGuid = {CB63CD69-3986-47B8-B4E9-F4742F477E0C}
	EndGlobalSection
EndGlobal
